
Microsoft Visual Studio Solution File, Format Version 12.00
# Visual Studio Version 17
VisualStudioVersion = 17.13.36105.23
MinimumVisualStudioVersion = 10.0.40219.1
Project("{FAE04EC0-301F-11D3-BF4B-00C04F79EFBC}") = "ABAbot", "ABAbot\ABAbot.csproj", "{C9CBA3C3-6DD0-4F66-90D2-742BA63DA21D}"
EndProject
Project("{FAE04EC0-301F-11D3-BF4B-00C04F79EFBC}") = "ABAbot.Db", "ABAbot.Db\ABAbot.Db.csproj", "{DE38ED34-B4C1-4A69-AC61-FF36523D612A}"
EndProject
Global
	GlobalSection(SolutionConfigurationPlatforms) = preSolution
		Debug|Any CPU = Debug|Any CPU
		Release|Any CPU = Release|Any CPU
	EndGlobalSection
	GlobalSection(ProjectConfigurationPlatforms) = postSolution
		{C9CBA3C3-6DD0-4F66-90D2-742BA63DA21D}.Debug|Any CPU.ActiveCfg = Debug|Any CPU
		{C9CBA3C3-6DD0-4F66-90D2-742BA63DA21D}.Debug|Any CPU.Build.0 = Debug|Any CPU
		{C9CBA3C3-6DD0-4F66-90D2-742BA63DA21D}.Release|Any CPU.ActiveCfg = Release|Any CPU
		{C9CBA3C3-6DD0-4F66-90D2-742BA63DA21D}.Release|Any CPU.Build.0 = Release|Any CPU
		{DE38ED34-B4C1-4A69-AC61-FF36523D612A}.Debug|Any CPU.ActiveCfg = Debug|Any CPU
		{DE38ED34-B4C1-4A69-AC61-FF36523D612A}.Debug|Any CPU.Build.0 = Debug|Any CPU
		{DE38ED34-B4C1-4A69-AC61-FF36523D612A}.Release|Any CPU.ActiveCfg = Release|Any CPU
		{DE38ED34-B4C1-4A69-AC61-FF36523D612A}.Release|Any CPU.Build.0 = Release|Any CPU
	EndGlobalSection
	GlobalSection(SolutionProperties) = preSolution
		HideSolutionNode = FALSE
	EndGlobalSection
	GlobalSection(ExtensibilityGlobals) = postSolution
		SolutionGuid = {B8A57BFB-D5F6-4ED5-BA07-5C294E7ED71D}
	EndGlobalSection
EndGlobal
